
Microsoft Visual Studio Solution File, Format Version 12.00
# Visual Studio 14
VisualStudioVersion = 14.0.24720.0
MinimumVisualStudioVersion = 10.0.40219.1
Project("{FAE04EC0-301F-11D3-BF4B-00C04F79EFBC}") = "MyUtiliy", "Utiliy\MyUtiliy.csproj", "{A7DFECBD-FE4D-4626-80EC-C1C7CCAAD949}"
EndProject
Project("{FAE04EC0-301F-11D3-BF4B-00C04F79EFBC}") = "Utility.Test", "Utility.Test\Utility.Test.csproj", "{8C2F8652-E276-4E09-8032-464DC224EB00}"
EndProject
Global
	GlobalSection(SolutionConfigurationPlatforms) = preSolution
		Debug|Any CPU = Debug|Any CPU
		Release|Any CPU = Release|Any CPU
	EndGlobalSection
	GlobalSection(ProjectConfigurationPlatforms) = postSolution
		{A7DFECBD-FE4D-4626-80EC-C1C7CCAAD949}.Debug|Any CPU.ActiveCfg = Debug|Any CPU
		{A7DFECBD-FE4D-4626-80EC-C1C7CCAAD949}.Debug|Any CPU.Build.0 = Debug|Any CPU
		{A7DFECBD-FE4D-4626-80EC-C1C7CCAAD949}.Release|Any CPU.ActiveCfg = Release|Any CPU
		{A7DFECBD-FE4D-4626-80EC-C1C7CCAAD949}.Release|Any CPU.Build.0 = Release|Any CPU
		{8C2F8652-E276-4E09-8032-464DC224EB00}.Debug|Any CPU.ActiveCfg = Debug|Any CPU
		{8C2F8652-E276-4E09-8032-464DC224EB00}.Debug|Any CPU.Build.0 = Debug|Any CPU
		{8C2F8652-E276-4E09-8032-464DC224EB00}.Release|Any CPU.ActiveCfg = Release|Any CPU
		{8C2F8652-E276-4E09-8032-464DC224EB00}.Release|Any CPU.Build.0 = Release|Any CPU
	EndGlobalSection
	GlobalSection(SolutionProperties) = preSolution
		HideSolutionNode = FALSE
	EndGlobalSection
EndGlobal
